// !$*UTF8*$!
{
	archiveVersion = 1;
	classes = {
	};
	objectVersion = 56;
	objects = {

/* Begin PBXBuildFile section */
		1C04750329B77ED300B7CC31 /* CategoryItemCell.swift in Sources */ = {isa = PBXBuildFile; fileRef = 1C04750129B77ED300B7CC31 /* CategoryItemCell.swift */; };
		1C04750429B77ED300B7CC31 /* CategoryItemCell.xib in Resources */ = {isa = PBXBuildFile; fileRef = 1C04750229B77ED300B7CC31 /* CategoryItemCell.xib */; };
		1C04750829B7841900B7CC31 /* CategoryOptionItem.swift in Sources */ = {isa = PBXBuildFile; fileRef = 1C04750729B7841900B7CC31 /* CategoryOptionItem.swift */; };
		1C04750C29B88F5700B7CC31 /* SplashVC.swift in Sources */ = {isa = PBXBuildFile; fileRef = 1C04750A29B88F5700B7CC31 /* SplashVC.swift */; };
		1C04750D29B88F5700B7CC31 /* SplashVC.xib in Resources */ = {isa = PBXBuildFile; fileRef = 1C04750B29B88F5700B7CC31 /* SplashVC.xib */; };
		1C04751029B8A26700B7CC31 /* loading.json in Resources */ = {isa = PBXBuildFile; fileRef = 1C04750F29B8A26700B7CC31 /* loading.json */; };
		1C04751429B9F4E900B7CC31 /* SearchViewModel.swift in Sources */ = {isa = PBXBuildFile; fileRef = 1C04751329B9F4E900B7CC31 /* SearchViewModel.swift */; };
		1C35AF9429ACFAFC00A57F5F /* AppDelegate.swift in Sources */ = {isa = PBXBuildFile; fileRef = 1C35AF9329ACFAFC00A57F5F /* AppDelegate.swift */; };
		1C35AF9629ACFAFC00A57F5F /* SceneDelegate.swift in Sources */ = {isa = PBXBuildFile; fileRef = 1C35AF9529ACFAFC00A57F5F /* SceneDelegate.swift */; };
		1C35AF9829ACFAFC00A57F5F /* ViewController.swift in Sources */ = {isa = PBXBuildFile; fileRef = 1C35AF9729ACFAFC00A57F5F /* ViewController.swift */; };
		1C35AFA029ACFAFD00A57F5F /* LaunchScreen.storyboard in Resources */ = {isa = PBXBuildFile; fileRef = 1C35AF9E29ACFAFD00A57F5F /* LaunchScreen.storyboard */; };
		1C35AFAB29ACFAFE00A57F5F /* T_Movies_iOSTests.swift in Sources */ = {isa = PBXBuildFile; fileRef = 1C35AFAA29ACFAFE00A57F5F /* T_Movies_iOSTests.swift */; };
		1C35AFB529ACFAFE00A57F5F /* T_Movies_iOSUITests.swift in Sources */ = {isa = PBXBuildFile; fileRef = 1C35AFB429ACFAFE00A57F5F /* T_Movies_iOSUITests.swift */; };
		1C35AFB729ACFAFE00A57F5F /* T_Movies_iOSUITestsLaunchTests.swift in Sources */ = {isa = PBXBuildFile; fileRef = 1C35AFB629ACFAFE00A57F5F /* T_Movies_iOSUITestsLaunchTests.swift */; };
		1C35AFCC29AD0E0000A57F5F /* HomeVC.swift in Sources */ = {isa = PBXBuildFile; fileRef = 1C35AFCA29AD0E0000A57F5F /* HomeVC.swift */; };
		1C35AFCD29AD0E0000A57F5F /* HomeVC.xib in Resources */ = {isa = PBXBuildFile; fileRef = 1C35AFCB29AD0E0000A57F5F /* HomeVC.xib */; };
		1C35AFD529AD5A7C00A57F5F /* CustomCarouselCell.swift in Sources */ = {isa = PBXBuildFile; fileRef = 1C35AFD329AD5A7C00A57F5F /* CustomCarouselCell.swift */; };
		1C35AFD629AD5A7C00A57F5F /* CustomCarouselCell.xib in Resources */ = {isa = PBXBuildFile; fileRef = 1C35AFD429AD5A7C00A57F5F /* CustomCarouselCell.xib */; };
		1C3812FF29AE492A0035B242 /* MainCarouselView.swift in Sources */ = {isa = PBXBuildFile; fileRef = 1C3812FE29AE492A0035B242 /* MainCarouselView.swift */; };
		1C38130429AE4A7E0035B242 /* ProfileVC.swift in Sources */ = {isa = PBXBuildFile; fileRef = 1C38130229AE4A7E0035B242 /* ProfileVC.swift */; };
		1C38130529AE4A7E0035B242 /* ProfileVC.xib in Resources */ = {isa = PBXBuildFile; fileRef = 1C38130329AE4A7E0035B242 /* ProfileVC.xib */; };
		1C38130829AE4A940035B242 /* SearchVC.swift in Sources */ = {isa = PBXBuildFile; fileRef = 1C38130629AE4A940035B242 /* SearchVC.swift */; };
		1C38130929AE4A940035B242 /* SearchVC.xib in Resources */ = {isa = PBXBuildFile; fileRef = 1C38130729AE4A940035B242 /* SearchVC.xib */; };
		1C38130D29AE52500035B242 /* HeaderView.swift in Sources */ = {isa = PBXBuildFile; fileRef = 1C38130C29AE52500035B242 /* HeaderView.swift */; };
		1C38130F29AE52690035B242 /* HeaderView.xib in Resources */ = {isa = PBXBuildFile; fileRef = 1C38130E29AE52690035B242 /* HeaderView.xib */; };
		1C38131129AE54750035B242 /* UIViewExtension.swift in Sources */ = {isa = PBXBuildFile; fileRef = 1C38131029AE54750035B242 /* UIViewExtension.swift */; };
		1C38131329AE54E00035B242 /* MKLayer.swift in Sources */ = {isa = PBXBuildFile; fileRef = 1C38131229AE54E00035B242 /* MKLayer.swift */; };
		1C38131729AE5E190035B242 /* MainTabBarController.swift in Sources */ = {isa = PBXBuildFile; fileRef = 1C38131629AE5E190035B242 /* MainTabBarController.swift */; };
		1C38131B29AEBD7A0035B242 /* Network.swift in Sources */ = {isa = PBXBuildFile; fileRef = 1C38131A29AEBD7A0035B242 /* Network.swift */; };
		1C38131D29AEBDAF0035B242 /* ApiService.swift in Sources */ = {isa = PBXBuildFile; fileRef = 1C38131C29AEBDAF0035B242 /* ApiService.swift */; };
		1C38131F29AEBDE90035B242 /* AppConstants.swift in Sources */ = {isa = PBXBuildFile; fileRef = 1C38131E29AEBDE90035B242 /* AppConstants.swift */; };
		1C38132129AEBE3F0035B242 /* UIApplicationExtension.swift in Sources */ = {isa = PBXBuildFile; fileRef = 1C38132029AEBE3F0035B242 /* UIApplicationExtension.swift */; };
		1C38132329AEBF300035B242 /* UIViewControllerExtension.swift in Sources */ = {isa = PBXBuildFile; fileRef = 1C38132229AEBF300035B242 /* UIViewControllerExtension.swift */; };
		1C38132829AF5BD80035B242 /* MovieDetailsVC.swift in Sources */ = {isa = PBXBuildFile; fileRef = 1C38132629AF5BD80035B242 /* MovieDetailsVC.swift */; };
		1C38132929AF5BD80035B242 /* MovieDetailsVC.xib in Resources */ = {isa = PBXBuildFile; fileRef = 1C38132729AF5BD80035B242 /* MovieDetailsVC.xib */; };
		1C38132D29AFA0000035B242 /* MovieRepository.swift in Sources */ = {isa = PBXBuildFile; fileRef = 1C38132C29AFA0000035B242 /* MovieRepository.swift */; };
		1C38132F29AFA2710035B242 /* MoviesResponse.swift in Sources */ = {isa = PBXBuildFile; fileRef = 1C38132E29AFA2710035B242 /* MoviesResponse.swift */; };
		1C38133129AFA2FF0035B242 /* IntExtensions.swift in Sources */ = {isa = PBXBuildFile; fileRef = 1C38133029AFA2FF0035B242 /* IntExtensions.swift */; };
		1C38133829B09C1A0035B242 /* HomeVewModel.swift in Sources */ = {isa = PBXBuildFile; fileRef = 1C38133729B09C1A0035B242 /* HomeVewModel.swift */; };
		1C38133C29B0E6050035B242 /* SingleMovieCell.swift in Sources */ = {isa = PBXBuildFile; fileRef = 1C38133A29B0E6050035B242 /* SingleMovieCell.swift */; };
		1C38133D29B0E6050035B242 /* SingleMovieCell.xib in Resources */ = {isa = PBXBuildFile; fileRef = 1C38133B29B0E6050035B242 /* SingleMovieCell.xib */; };
		1C7187A629B5E8DB004C5C0D /* SideMenuVC.swift in Sources */ = {isa = PBXBuildFile; fileRef = 1C7187A429B5E8DB004C5C0D /* SideMenuVC.swift */; };
		1C7187A729B5E8DB004C5C0D /* SideMenuVC.xib in Resources */ = {isa = PBXBuildFile; fileRef = 1C7187A529B5E8DB004C5C0D /* SideMenuVC.xib */; };
		1C7187AB29B5EDFA004C5C0D /* SideMenuCell.swift in Sources */ = {isa = PBXBuildFile; fileRef = 1C7187A929B5EDFA004C5C0D /* SideMenuCell.swift */; };
		1C7187AC29B5EDFB004C5C0D /* SideMenuCell.xib in Resources */ = {isa = PBXBuildFile; fileRef = 1C7187AA29B5EDFA004C5C0D /* SideMenuCell.xib */; };
		1C7187AE29B5EF2F004C5C0D /* MenuOptionItem.swift in Sources */ = {isa = PBXBuildFile; fileRef = 1C7187AD29B5EF2F004C5C0D /* MenuOptionItem.swift */; };
		1C7187B029B5EFE3004C5C0D /* MenuDelegate.swift in Sources */ = {isa = PBXBuildFile; fileRef = 1C7187AF29B5EFE3004C5C0D /* MenuDelegate.swift */; };
		1C7187B529B5FE98004C5C0D /* PresentTransition.swift in Sources */ = {isa = PBXBuildFile; fileRef = 1C7187B429B5FE98004C5C0D /* PresentTransition.swift */; };
		1C7187B729B5FF29004C5C0D /* DismissTransition.swift in Sources */ = {isa = PBXBuildFile; fileRef = 1C7187B629B5FF29004C5C0D /* DismissTransition.swift */; };
		1C7187B929B5FF6C004C5C0D /* UIViewControllerTransitioningDelegate.swift in Sources */ = {isa = PBXBuildFile; fileRef = 1C7187B829B5FF6C004C5C0D /* UIViewControllerTransitioningDelegate.swift */; };
		1C7187BB29B631CB004C5C0D /* Images.xcassets in Resources */ = {isa = PBXBuildFile; fileRef = 1C7187BA29B631CB004C5C0D /* Images.xcassets */; };
		1CA84F9E29BBCF86008CEACD /* SettingVC.swift in Sources */ = {isa = PBXBuildFile; fileRef = 1CA84F9C29BBCF86008CEACD /* SettingVC.swift */; };
		1CA84F9F29BBCF86008CEACD /* SettingVC.xib in Resources */ = {isa = PBXBuildFile; fileRef = 1CA84F9D29BBCF86008CEACD /* SettingVC.xib */; };
		1CA84FA329BBD7FB008CEACD /* faceid.json in Resources */ = {isa = PBXBuildFile; fileRef = 1CA84FA229BBD7FB008CEACD /* faceid.json */; };
		1CA84FAC29C0CA2E008CEACD /* ForgetPasswordVC.swift in Sources */ = {isa = PBXBuildFile; fileRef = 1CA84FAA29C0CA2E008CEACD /* ForgetPasswordVC.swift */; };
		1CA84FAD29C0CA2E008CEACD /* ForgetPasswordVC.xib in Resources */ = {isa = PBXBuildFile; fileRef = 1CA84FAB29C0CA2E008CEACD /* ForgetPasswordVC.xib */; };
		1CA84FB129C1C35A008CEACD /* FavouriteVC.swift in Sources */ = {isa = PBXBuildFile; fileRef = 1CA84FAF29C1C35A008CEACD /* FavouriteVC.swift */; };
		1CA84FB229C1C35A008CEACD /* FavouriteVC.xib in Resources */ = {isa = PBXBuildFile; fileRef = 1CA84FB029C1C35A008CEACD /* FavouriteVC.xib */; };
		3971A5E10C641C61FE3F7574 /* Pods_T_Movies_iOS_T_Movies_iOSUITests.framework in Frameworks */ = {isa = PBXBuildFile; fileRef = 2458EEDEF92A8CEA67F582AA /* Pods_T_Movies_iOS_T_Movies_iOSUITests.framework */; };
		82F9B8B4BBC2DB478E758AF8 /* Pods_T_Movies_iOSTests.framework in Frameworks */ = {isa = PBXBuildFile; fileRef = 6240F7B298636B9AFC67E7A9 /* Pods_T_Movies_iOSTests.framework */; };
		A9F92797D92D53EF52AD89C3 /* Pods_T_Movies_iOS.framework in Frameworks */ = {isa = PBXBuildFile; fileRef = 94B9E75E610481D051EAA55F /* Pods_T_Movies_iOS.framework */; };
/* End PBXBuildFile section */

/* Begin PBXContainerItemProxy section */
		1C35AFA729ACFAFE00A57F5F /* PBXContainerItemProxy */ = {
			isa = PBXContainerItemProxy;
			containerPortal = 1C35AF8829ACFAFC00A57F5F /* Project object */;
			proxyType = 1;
			remoteGlobalIDString = 1C35AF8F29ACFAFC00A57F5F;
			remoteInfo = "T-Movies-iOS";
		};
		1C35AFB129ACFAFE00A57F5F /* PBXContainerItemProxy */ = {
			isa = PBXContainerItemProxy;
			containerPortal = 1C35AF8829ACFAFC00A57F5F /* Project object */;
			proxyType = 1;
			remoteGlobalIDString = 1C35AF8F29ACFAFC00A57F5F;
			remoteInfo = "T-Movies-iOS";
		};
/* End PBXContainerItemProxy section */

/* Begin PBXFileReference section */
		052727F76E9589DDFAD5FB91 /* Pods-T-Movies-iOS-T-Movies-iOSUITests.release.xcconfig */ = {isa = PBXFileReference; includeInIndex = 1; lastKnownFileType = text.xcconfig; name = "Pods-T-Movies-iOS-T-Movies-iOSUITests.release.xcconfig"; path = "Target Support Files/Pods-T-Movies-iOS-T-Movies-iOSUITests/Pods-T-Movies-iOS-T-Movies-iOSUITests.release.xcconfig"; sourceTree = "<group>"; };
		1C04750129B77ED300B7CC31 /* CategoryItemCell.swift */ = {isa = PBXFileReference; lastKnownFileType = sourcecode.swift; path = CategoryItemCell.swift; sourceTree = "<group>"; };
		1C04750229B77ED300B7CC31 /* CategoryItemCell.xib */ = {isa = PBXFileReference; lastKnownFileType = file.xib; path = CategoryItemCell.xib; sourceTree = "<group>"; };
		1C04750729B7841900B7CC31 /* CategoryOptionItem.swift */ = {isa = PBXFileReference; lastKnownFileType = sourcecode.swift; path = CategoryOptionItem.swift; sourceTree = "<group>"; };
		1C04750A29B88F5700B7CC31 /* SplashVC.swift */ = {isa = PBXFileReference; lastKnownFileType = sourcecode.swift; path = SplashVC.swift; sourceTree = "<group>"; };
		1C04750B29B88F5700B7CC31 /* SplashVC.xib */ = {isa = PBXFileReference; lastKnownFileType = file.xib; path = SplashVC.xib; sourceTree = "<group>"; };
		1C04750F29B8A26700B7CC31 /* loading.json */ = {isa = PBXFileReference; fileEncoding = 4; lastKnownFileType = text.json; path = loading.json; sourceTree = "<group>"; };
		1C04751329B9F4E900B7CC31 /* SearchViewModel.swift */ = {isa = PBXFileReference; lastKnownFileType = sourcecode.swift; path = SearchViewModel.swift; sourceTree = "<group>"; };
		1C35AF9029ACFAFC00A57F5F /* T-Movies-iOS.app */ = {isa = PBXFileReference; explicitFileType = wrapper.application; includeInIndex = 0; path = "T-Movies-iOS.app"; sourceTree = BUILT_PRODUCTS_DIR; };
		1C35AF9329ACFAFC00A57F5F /* AppDelegate.swift */ = {isa = PBXFileReference; lastKnownFileType = sourcecode.swift; path = AppDelegate.swift; sourceTree = "<group>"; };
		1C35AF9529ACFAFC00A57F5F /* SceneDelegate.swift */ = {isa = PBXFileReference; lastKnownFileType = sourcecode.swift; path = SceneDelegate.swift; sourceTree = "<group>"; };
		1C35AF9729ACFAFC00A57F5F /* ViewController.swift */ = {isa = PBXFileReference; lastKnownFileType = sourcecode.swift; path = ViewController.swift; sourceTree = "<group>"; };
		1C35AF9F29ACFAFD00A57F5F /* Base */ = {isa = PBXFileReference; lastKnownFileType = file.storyboard; name = Base; path = Base.lproj/LaunchScreen.storyboard; sourceTree = "<group>"; };
		1C35AFA129ACFAFD00A57F5F /* Info.plist */ = {isa = PBXFileReference; lastKnownFileType = text.plist.xml; path = Info.plist; sourceTree = "<group>"; };
		1C35AFA629ACFAFE00A57F5F /* T-Movies-iOSTests.xctest */ = {isa = PBXFileReference; explicitFileType = wrapper.cfbundle; includeInIndex = 0; path = "T-Movies-iOSTests.xctest"; sourceTree = BUILT_PRODUCTS_DIR; };
		1C35AFAA29ACFAFE00A57F5F /* T_Movies_iOSTests.swift */ = {isa = PBXFileReference; lastKnownFileType = sourcecode.swift; path = T_Movies_iOSTests.swift; sourceTree = "<group>"; };
		1C35AFB029ACFAFE00A57F5F /* T-Movies-iOSUITests.xctest */ = {isa = PBXFileReference; explicitFileType = wrapper.cfbundle; includeInIndex = 0; path = "T-Movies-iOSUITests.xctest"; sourceTree = BUILT_PRODUCTS_DIR; };
		1C35AFB429ACFAFE00A57F5F /* T_Movies_iOSUITests.swift */ = {isa = PBXFileReference; lastKnownFileType = sourcecode.swift; path = T_Movies_iOSUITests.swift; sourceTree = "<group>"; };
		1C35AFB629ACFAFE00A57F5F /* T_Movies_iOSUITestsLaunchTests.swift */ = {isa = PBXFileReference; lastKnownFileType = sourcecode.swift; path = T_Movies_iOSUITestsLaunchTests.swift; sourceTree = "<group>"; };
		1C35AFCA29AD0E0000A57F5F /* HomeVC.swift */ = {isa = PBXFileReference; lastKnownFileType = sourcecode.swift; path = HomeVC.swift; sourceTree = "<group>"; };
		1C35AFCB29AD0E0000A57F5F /* HomeVC.xib */ = {isa = PBXFileReference; lastKnownFileType = file.xib; path = HomeVC.xib; sourceTree = "<group>"; };
		1C35AFD329AD5A7C00A57F5F /* CustomCarouselCell.swift */ = {isa = PBXFileReference; lastKnownFileType = sourcecode.swift; path = CustomCarouselCell.swift; sourceTree = "<group>"; };
		1C35AFD429AD5A7C00A57F5F /* CustomCarouselCell.xib */ = {isa = PBXFileReference; lastKnownFileType = file.xib; path = CustomCarouselCell.xib; sourceTree = "<group>"; };
		1C3812FE29AE492A0035B242 /* MainCarouselView.swift */ = {isa = PBXFileReference; lastKnownFileType = sourcecode.swift; path = MainCarouselView.swift; sourceTree = "<group>"; };
		1C38130229AE4A7E0035B242 /* ProfileVC.swift */ = {isa = PBXFileReference; lastKnownFileType = sourcecode.swift; path = ProfileVC.swift; sourceTree = "<group>"; };
		1C38130329AE4A7E0035B242 /* ProfileVC.xib */ = {isa = PBXFileReference; lastKnownFileType = file.xib; path = ProfileVC.xib; sourceTree = "<group>"; };
		1C38130629AE4A940035B242 /* SearchVC.swift */ = {isa = PBXFileReference; lastKnownFileType = sourcecode.swift; path = SearchVC.swift; sourceTree = "<group>"; };
		1C38130729AE4A940035B242 /* SearchVC.xib */ = {isa = PBXFileReference; lastKnownFileType = file.xib; path = SearchVC.xib; sourceTree = "<group>"; };
		1C38130C29AE52500035B242 /* HeaderView.swift */ = {isa = PBXFileReference; lastKnownFileType = sourcecode.swift; path = HeaderView.swift; sourceTree = "<group>"; };
		1C38130E29AE52690035B242 /* HeaderView.xib */ = {isa = PBXFileReference; lastKnownFileType = file.xib; path = HeaderView.xib; sourceTree = "<group>"; };
		1C38131029AE54750035B242 /* UIViewExtension.swift */ = {isa = PBXFileReference; lastKnownFileType = sourcecode.swift; path = UIViewExtension.swift; sourceTree = "<group>"; };
		1C38131229AE54E00035B242 /* MKLayer.swift */ = {isa = PBXFileReference; lastKnownFileType = sourcecode.swift; path = MKLayer.swift; sourceTree = "<group>"; };
		1C38131629AE5E190035B242 /* MainTabBarController.swift */ = {isa = PBXFileReference; lastKnownFileType = sourcecode.swift; path = MainTabBarController.swift; sourceTree = "<group>"; };
		1C38131A29AEBD7A0035B242 /* Network.swift */ = {isa = PBXFileReference; lastKnownFileType = sourcecode.swift; path = Network.swift; sourceTree = "<group>"; };
		1C38131C29AEBDAF0035B242 /* ApiService.swift */ = {isa = PBXFileReference; lastKnownFileType = sourcecode.swift; path = ApiService.swift; sourceTree = "<group>"; };
		1C38131E29AEBDE90035B242 /* AppConstants.swift */ = {isa = PBXFileReference; lastKnownFileType = sourcecode.swift; path = AppConstants.swift; sourceTree = "<group>"; };
		1C38132029AEBE3F0035B242 /* UIApplicationExtension.swift */ = {isa = PBXFileReference; lastKnownFileType = sourcecode.swift; path = UIApplicationExtension.swift; sourceTree = "<group>"; };
		1C38132229AEBF300035B242 /* UIViewControllerExtension.swift */ = {isa = PBXFileReference; lastKnownFileType = sourcecode.swift; path = UIViewControllerExtension.swift; sourceTree = "<group>"; };
		1C38132629AF5BD80035B242 /* MovieDetailsVC.swift */ = {isa = PBXFileReference; lastKnownFileType = sourcecode.swift; path = MovieDetailsVC.swift; sourceTree = "<group>"; };
		1C38132729AF5BD80035B242 /* MovieDetailsVC.xib */ = {isa = PBXFileReference; lastKnownFileType = file.xib; path = MovieDetailsVC.xib; sourceTree = "<group>"; };
		1C38132C29AFA0000035B242 /* MovieRepository.swift */ = {isa = PBXFileReference; lastKnownFileType = sourcecode.swift; path = MovieRepository.swift; sourceTree = "<group>"; };
		1C38132E29AFA2710035B242 /* MoviesResponse.swift */ = {isa = PBXFileReference; lastKnownFileType = sourcecode.swift; path = MoviesResponse.swift; sourceTree = "<group>"; };
		1C38133029AFA2FF0035B242 /* IntExtensions.swift */ = {isa = PBXFileReference; lastKnownFileType = sourcecode.swift; path = IntExtensions.swift; sourceTree = "<group>"; };
		1C38133729B09C1A0035B242 /* HomeVewModel.swift */ = {isa = PBXFileReference; lastKnownFileType = sourcecode.swift; path = HomeVewModel.swift; sourceTree = "<group>"; };
		1C38133A29B0E6050035B242 /* SingleMovieCell.swift */ = {isa = PBXFileReference; lastKnownFileType = sourcecode.swift; path = SingleMovieCell.swift; sourceTree = "<group>"; };
		1C38133B29B0E6050035B242 /* SingleMovieCell.xib */ = {isa = PBXFileReference; lastKnownFileType = file.xib; path = SingleMovieCell.xib; sourceTree = "<group>"; };
		1C7187A429B5E8DB004C5C0D /* SideMenuVC.swift */ = {isa = PBXFileReference; lastKnownFileType = sourcecode.swift; path = SideMenuVC.swift; sourceTree = "<group>"; };
		1C7187A529B5E8DB004C5C0D /* SideMenuVC.xib */ = {isa = PBXFileReference; lastKnownFileType = file.xib; path = SideMenuVC.xib; sourceTree = "<group>"; };
		1C7187A929B5EDFA004C5C0D /* SideMenuCell.swift */ = {isa = PBXFileReference; lastKnownFileType = sourcecode.swift; path = SideMenuCell.swift; sourceTree = "<group>"; };
		1C7187AA29B5EDFA004C5C0D /* SideMenuCell.xib */ = {isa = PBXFileReference; lastKnownFileType = file.xib; path = SideMenuCell.xib; sourceTree = "<group>"; };
		1C7187AD29B5EF2F004C5C0D /* MenuOptionItem.swift */ = {isa = PBXFileReference; lastKnownFileType = sourcecode.swift; path = MenuOptionItem.swift; sourceTree = "<group>"; };
		1C7187AF29B5EFE3004C5C0D /* MenuDelegate.swift */ = {isa = PBXFileReference; lastKnownFileType = sourcecode.swift; path = MenuDelegate.swift; sourceTree = "<group>"; };
		1C7187B429B5FE98004C5C0D /* PresentTransition.swift */ = {isa = PBXFileReference; lastKnownFileType = sourcecode.swift; path = PresentTransition.swift; sourceTree = "<group>"; };
		1C7187B629B5FF29004C5C0D /* DismissTransition.swift */ = {isa = PBXFileReference; lastKnownFileType = sourcecode.swift; path = DismissTransition.swift; sourceTree = "<group>"; };
		1C7187B829B5FF6C004C5C0D /* UIViewControllerTransitioningDelegate.swift */ = {isa = PBXFileReference; lastKnownFileType = sourcecode.swift; path = UIViewControllerTransitioningDelegate.swift; sourceTree = "<group>"; };
		1C7187BA29B631CB004C5C0D /* Images.xcassets */ = {isa = PBXFileReference; lastKnownFileType = folder.assetcatalog; path = Images.xcassets; sourceTree = "<group>"; };
		1CA84F9C29BBCF86008CEACD /* SettingVC.swift */ = {isa = PBXFileReference; lastKnownFileType = sourcecode.swift; path = SettingVC.swift; sourceTree = "<group>"; };
		1CA84F9D29BBCF86008CEACD /* SettingVC.xib */ = {isa = PBXFileReference; lastKnownFileType = file.xib; path = SettingVC.xib; sourceTree = "<group>"; };
		1CA84FA229BBD7FB008CEACD /* faceid.json */ = {isa = PBXFileReference; fileEncoding = 4; lastKnownFileType = text.json; path = faceid.json; sourceTree = "<group>"; };
		1CA84FAA29C0CA2E008CEACD /* ForgetPasswordVC.swift */ = {isa = PBXFileReference; lastKnownFileType = sourcecode.swift; path = ForgetPasswordVC.swift; sourceTree = "<group>"; };
		1CA84FAB29C0CA2E008CEACD /* ForgetPasswordVC.xib */ = {isa = PBXFileReference; lastKnownFileType = file.xib; path = ForgetPasswordVC.xib; sourceTree = "<group>"; };
		1CA84FAF29C1C35A008CEACD /* FavouriteVC.swift */ = {isa = PBXFileReference; lastKnownFileType = sourcecode.swift; path = FavouriteVC.swift; sourceTree = "<group>"; };
		1CA84FB029C1C35A008CEACD /* FavouriteVC.xib */ = {isa = PBXFileReference; lastKnownFileType = file.xib; path = FavouriteVC.xib; sourceTree = "<group>"; };
		2458EEDEF92A8CEA67F582AA /* Pods_T_Movies_iOS_T_Movies_iOSUITests.framework */ = {isa = PBXFileReference; explicitFileType = wrapper.framework; includeInIndex = 0; path = Pods_T_Movies_iOS_T_Movies_iOSUITests.framework; sourceTree = BUILT_PRODUCTS_DIR; };
		36063458D32F80C3E520E2F8 /* Pods-T-Movies-iOSTests.release.xcconfig */ = {isa = PBXFileReference; includeInIndex = 1; lastKnownFileType = text.xcconfig; name = "Pods-T-Movies-iOSTests.release.xcconfig"; path = "Target Support Files/Pods-T-Movies-iOSTests/Pods-T-Movies-iOSTests.release.xcconfig"; sourceTree = "<group>"; };
		6240F7B298636B9AFC67E7A9 /* Pods_T_Movies_iOSTests.framework */ = {isa = PBXFileReference; explicitFileType = wrapper.framework; includeInIndex = 0; path = Pods_T_Movies_iOSTests.framework; sourceTree = BUILT_PRODUCTS_DIR; };
		84AF9785691E5A182CF407C4 /* Pods-T-Movies-iOS-T-Movies-iOSUITests.debug.xcconfig */ = {isa = PBXFileReference; includeInIndex = 1; lastKnownFileType = text.xcconfig; name = "Pods-T-Movies-iOS-T-Movies-iOSUITests.debug.xcconfig"; path = "Target Support Files/Pods-T-Movies-iOS-T-Movies-iOSUITests/Pods-T-Movies-iOS-T-Movies-iOSUITests.debug.xcconfig"; sourceTree = "<group>"; };
		94B9E75E610481D051EAA55F /* Pods_T_Movies_iOS.framework */ = {isa = PBXFileReference; explicitFileType = wrapper.framework; includeInIndex = 0; path = Pods_T_Movies_iOS.framework; sourceTree = BUILT_PRODUCTS_DIR; };
		CDEB7DB884B7D557E931413A /* Pods-T-Movies-iOSTests.debug.xcconfig */ = {isa = PBXFileReference; includeInIndex = 1; lastKnownFileType = text.xcconfig; name = "Pods-T-Movies-iOSTests.debug.xcconfig"; path = "Target Support Files/Pods-T-Movies-iOSTests/Pods-T-Movies-iOSTests.debug.xcconfig"; sourceTree = "<group>"; };
		DF927AA834519D590E1EDB06 /* Pods-T-Movies-iOS.release.xcconfig */ = {isa = PBXFileReference; includeInIndex = 1; lastKnownFileType = text.xcconfig; name = "Pods-T-Movies-iOS.release.xcconfig"; path = "Target Support Files/Pods-T-Movies-iOS/Pods-T-Movies-iOS.release.xcconfig"; sourceTree = "<group>"; };
		F1605BF140F6744AF294E25F /* Pods-T-Movies-iOS.debug.xcconfig */ = {isa = PBXFileReference; includeInIndex = 1; lastKnownFileType = text.xcconfig; name = "Pods-T-Movies-iOS.debug.xcconfig"; path = "Target Support Files/Pods-T-Movies-iOS/Pods-T-Movies-iOS.debug.xcconfig"; sourceTree = "<group>"; };
/* End PBXFileReference section */

/* Begin PBXFrameworksBuildPhase section */
		1C35AF8D29ACFAFC00A57F5F /* Frameworks */ = {
			isa = PBXFrameworksBuildPhase;
			buildActionMask = 2147483647;
			files = (
				A9F92797D92D53EF52AD89C3 /* Pods_T_Movies_iOS.framework in Frameworks */,
			);
			runOnlyForDeploymentPostprocessing = 0;
		};
		1C35AFA329ACFAFE00A57F5F /* Frameworks */ = {
			isa = PBXFrameworksBuildPhase;
			buildActionMask = 2147483647;
			files = (
				82F9B8B4BBC2DB478E758AF8 /* Pods_T_Movies_iOSTests.framework in Frameworks */,
			);
			runOnlyForDeploymentPostprocessing = 0;
		};
		1C35AFAD29ACFAFE00A57F5F /* Frameworks */ = {
			isa = PBXFrameworksBuildPhase;
			buildActionMask = 2147483647;
			files = (
				3971A5E10C641C61FE3F7574 /* Pods_T_Movies_iOS_T_Movies_iOSUITests.framework in Frameworks */,
			);
			runOnlyForDeploymentPostprocessing = 0;
		};
/* End PBXFrameworksBuildPhase section */

/* Begin PBXGroup section */
		1C04750029B77E7600B7CC31 /* CategoryItem */ = {
			isa = PBXGroup;
			children = (
				1C04750129B77ED300B7CC31 /* CategoryItemCell.swift */,
				1C04750229B77ED300B7CC31 /* CategoryItemCell.xib */,
			);
			path = CategoryItem;
			sourceTree = "<group>";
		};
		1C04750929B88F3B00B7CC31 /* SplashVC */ = {
			isa = PBXGroup;
			children = (
				1C04750A29B88F5700B7CC31 /* SplashVC.swift */,
				1C04750B29B88F5700B7CC31 /* SplashVC.xib */,
			);
			path = SplashVC;
			sourceTree = "<group>";
		};
		1C04750E29B8A25700B7CC31 /* App */ = {
			isa = PBXGroup;
			children = (
				1CA84FA229BBD7FB008CEACD /* faceid.json */,
				1C04750F29B8A26700B7CC31 /* loading.json */,
			);
			path = App;
			sourceTree = "<group>";
		};
		1C04751229B9F4D400B7CC31 /* SearchViewModel */ = {
			isa = PBXGroup;
			children = (
				1C04751329B9F4E900B7CC31 /* SearchViewModel.swift */,
			);
			path = SearchViewModel;
			sourceTree = "<group>";
		};
		1C35AF8729ACFAFC00A57F5F = {
			isa = PBXGroup;
			children = (
				1C35AF9229ACFAFC00A57F5F /* T-Movies-iOS */,
				1C35AFA929ACFAFE00A57F5F /* T-Movies-iOSTests */,
				1C35AFB329ACFAFE00A57F5F /* T-Movies-iOSUITests */,
				1C35AF9129ACFAFC00A57F5F /* Products */,
				3DD38ADDB6CDAFE25C03D2AC /* Pods */,
				95BE0EEB1A6478F6D7EF9954 /* Frameworks */,
			);
			sourceTree = "<group>";
		};
		1C35AF9129ACFAFC00A57F5F /* Products */ = {
			isa = PBXGroup;
			children = (
				1C35AF9029ACFAFC00A57F5F /* T-Movies-iOS.app */,
				1C35AFA629ACFAFE00A57F5F /* T-Movies-iOSTests.xctest */,
				1C35AFB029ACFAFE00A57F5F /* T-Movies-iOSUITests.xctest */,
			);
			name = Products;
			sourceTree = "<group>";
		};
		1C35AF9229ACFAFC00A57F5F /* T-Movies-iOS */ = {
			isa = PBXGroup;
			children = (
				1C04750E29B8A25700B7CC31 /* App */,
				1C38131829AEBCCA0035B242 /* Data */,
				1C38130A29AE51970035B242 /* Custom Views */,
				1C35AFC629ACFB6800A57F5F /* Controllers */,
				1C35AFC729ACFB7900A57F5F /* Utility */,
				1C35AFA129ACFAFD00A57F5F /* Info.plist */,
				1C7187BA29B631CB004C5C0D /* Images.xcassets */,
				1C35AF9329ACFAFC00A57F5F /* AppDelegate.swift */,
				1C35AF9529ACFAFC00A57F5F /* SceneDelegate.swift */,
				1C35AF9729ACFAFC00A57F5F /* ViewController.swift */,
				1C35AF9E29ACFAFD00A57F5F /* LaunchScreen.storyboard */,
			);
			path = "T-Movies-iOS";
			sourceTree = "<group>";
		};
		1C35AFA929ACFAFE00A57F5F /* T-Movies-iOSTests */ = {
			isa = PBXGroup;
			children = (
				1C35AFAA29ACFAFE00A57F5F /* T_Movies_iOSTests.swift */,
			);
			path = "T-Movies-iOSTests";
			sourceTree = "<group>";
		};
		1C35AFB329ACFAFE00A57F5F /* T-Movies-iOSUITests */ = {
			isa = PBXGroup;
			children = (
				1C35AFB429ACFAFE00A57F5F /* T_Movies_iOSUITests.swift */,
				1C35AFB629ACFAFE00A57F5F /* T_Movies_iOSUITestsLaunchTests.swift */,
			);
			path = "T-Movies-iOSUITests";
			sourceTree = "<group>";
		};
		1C35AFC429ACFB5300A57F5F /* Models */ = {
			isa = PBXGroup;
			children = (
				1C38132E29AFA2710035B242 /* MoviesResponse.swift */,
				1C7187AD29B5EF2F004C5C0D /* MenuOptionItem.swift */,
				1C04750729B7841900B7CC31 /* CategoryOptionItem.swift */,
			);
			path = Models;
			sourceTree = "<group>";
		};
		1C35AFC629ACFB6800A57F5F /* Controllers */ = {
			isa = PBXGroup;
			children = (
				1CA84FAE29C1C24C008CEACD /* FavouriteVC */,
				1CA84FA929C0CA07008CEACD /* ForgetPasswordVC */,
				1C35AFC929ACFBD200A57F5F /* HomeVC */,
				1C38132A29AF67350035B242 /* MainTabBarVC */,
				1C38132529AF5B9A0035B242 /* MovieDetails */,
				1C38130029AE4A590035B242 /* ProfileVC */,
				1C35AFC829ACFBBE00A57F5F /* SearchVC */,
				1CA84F9B29BBCF69008CEACD /* SettingVC */,
				1C7187A329B5E8B6004C5C0D /* SideMenuVC */,
				1C04750929B88F3B00B7CC31 /* SplashVC */,
			);
			path = Controllers;
			sourceTree = "<group>";
		};
		1C35AFC729ACFB7900A57F5F /* Utility */ = {
			isa = PBXGroup;
			children = (
				1C7187B329B5FE8B004C5C0D /* Transition */,
				1C38132429AEC1350035B242 /* Extensions */,
				1C38131E29AEBDE90035B242 /* AppConstants.swift */,
				1C7187AF29B5EFE3004C5C0D /* MenuDelegate.swift */,
			);
			path = Utility;
			sourceTree = "<group>";
		};
		1C35AFC829ACFBBE00A57F5F /* SearchVC */ = {
			isa = PBXGroup;
			children = (
				1C04751229B9F4D400B7CC31 /* SearchViewModel */,
				1C04750029B77E7600B7CC31 /* CategoryItem */,
				1C38133E29B0E6080035B242 /* SingleMovieItem */,
				1C38130629AE4A940035B242 /* SearchVC.swift */,
				1C38130729AE4A940035B242 /* SearchVC.xib */,
			);
			path = SearchVC;
			sourceTree = "<group>";
		};
		1C35AFC929ACFBD200A57F5F /* HomeVC */ = {
			isa = PBXGroup;
			children = (
				1C3812FD29AE49100035B242 /* Carousel */,
				1C38133929B0C2010035B242 /* HomeViewModel */,
				1C35AFCA29AD0E0000A57F5F /* HomeVC.swift */,
				1C35AFCB29AD0E0000A57F5F /* HomeVC.xib */,
			);
			path = HomeVC;
			sourceTree = "<group>";
		};
		1C35AFD229AD5A3E00A57F5F /* CustomCarousel */ = {
			isa = PBXGroup;
			children = (
				1C35AFD329AD5A7C00A57F5F /* CustomCarouselCell.swift */,
				1C35AFD429AD5A7C00A57F5F /* CustomCarouselCell.xib */,
			);
			path = CustomCarousel;
			sourceTree = "<group>";
		};
		1C3812FD29AE49100035B242 /* Carousel */ = {
			isa = PBXGroup;
			children = (
				1C35AFD229AD5A3E00A57F5F /* CustomCarousel */,
				1C3812FE29AE492A0035B242 /* MainCarouselView.swift */,
			);
			path = Carousel;
			sourceTree = "<group>";
		};
		1C38130029AE4A590035B242 /* ProfileVC */ = {
			isa = PBXGroup;
			children = (
				1C38130229AE4A7E0035B242 /* ProfileVC.swift */,
				1C38130329AE4A7E0035B242 /* ProfileVC.xib */,
			);
			path = ProfileVC;
			sourceTree = "<group>";
		};
		1C38130A29AE51970035B242 /* Custom Views */ = {
			isa = PBXGroup;
			children = (
				1C38130B29AE51A10035B242 /* HeaderView */,
			);
			path = "Custom Views";
			sourceTree = "<group>";
		};
		1C38130B29AE51A10035B242 /* HeaderView */ = {
			isa = PBXGroup;
			children = (
				1C38130C29AE52500035B242 /* HeaderView.swift */,
				1C38130E29AE52690035B242 /* HeaderView.xib */,
			);
			path = HeaderView;
			sourceTree = "<group>";
		};
		1C38131829AEBCCA0035B242 /* Data */ = {
			isa = PBXGroup;
			children = (
				1C38132B29AF9FCD0035B242 /* Repository */,
				1C38131929AEBCD10035B242 /* Networking */,
				1C35AFC429ACFB5300A57F5F /* Models */,
			);
			path = Data;
			sourceTree = "<group>";
		};
		1C38131929AEBCD10035B242 /* Networking */ = {
			isa = PBXGroup;
			children = (
				1C38131A29AEBD7A0035B242 /* Network.swift */,
				1C38131C29AEBDAF0035B242 /* ApiService.swift */,
			);
			path = Networking;
			sourceTree = "<group>";
		};
		1C38132429AEC1350035B242 /* Extensions */ = {
			isa = PBXGroup;
			children = (
				1C38131029AE54750035B242 /* UIViewExtension.swift */,
				1C38131229AE54E00035B242 /* MKLayer.swift */,
				1C38132029AEBE3F0035B242 /* UIApplicationExtension.swift */,
				1C38132229AEBF300035B242 /* UIViewControllerExtension.swift */,
				1C38133029AFA2FF0035B242 /* IntExtensions.swift */,
				1C7187B829B5FF6C004C5C0D /* UIViewControllerTransitioningDelegate.swift */,
			);
			path = Extensions;
			sourceTree = "<group>";
		};
		1C38132529AF5B9A0035B242 /* MovieDetails */ = {
			isa = PBXGroup;
			children = (
				1C38132729AF5BD80035B242 /* MovieDetailsVC.xib */,
				1C38132629AF5BD80035B242 /* MovieDetailsVC.swift */,
			);
			path = MovieDetails;
			sourceTree = "<group>";
		};
		1C38132A29AF67350035B242 /* MainTabBarVC */ = {
			isa = PBXGroup;
			children = (
				1C38131629AE5E190035B242 /* MainTabBarController.swift */,
			);
			path = MainTabBarVC;
			sourceTree = "<group>";
		};
		1C38132B29AF9FCD0035B242 /* Repository */ = {
			isa = PBXGroup;
			children = (
				1C38132C29AFA0000035B242 /* MovieRepository.swift */,
			);
			path = Repository;
			sourceTree = "<group>";
		};
		1C38133929B0C2010035B242 /* HomeViewModel */ = {
			isa = PBXGroup;
			children = (
				1C38133729B09C1A0035B242 /* HomeVewModel.swift */,
			);
			path = HomeViewModel;
			sourceTree = "<group>";
		};
		1C38133E29B0E6080035B242 /* SingleMovieItem */ = {
			isa = PBXGroup;
			children = (
				1C38133A29B0E6050035B242 /* SingleMovieCell.swift */,
				1C38133B29B0E6050035B242 /* SingleMovieCell.xib */,
			);
			path = SingleMovieItem;
			sourceTree = "<group>";
		};
		1C7187A329B5E8B6004C5C0D /* SideMenuVC */ = {
			isa = PBXGroup;
			children = (
				1C7187A829B5EDD9004C5C0D /* SideMenuCell */,
				1C7187A429B5E8DB004C5C0D /* SideMenuVC.swift */,
				1C7187A529B5E8DB004C5C0D /* SideMenuVC.xib */,
			);
			path = SideMenuVC;
			sourceTree = "<group>";
		};
		1C7187A829B5EDD9004C5C0D /* SideMenuCell */ = {
			isa = PBXGroup;
			children = (
				1C7187A929B5EDFA004C5C0D /* SideMenuCell.swift */,
				1C7187AA29B5EDFA004C5C0D /* SideMenuCell.xib */,
			);
			path = SideMenuCell;
			sourceTree = "<group>";
		};
		1C7187B329B5FE8B004C5C0D /* Transition */ = {
			isa = PBXGroup;
			children = (
				1C7187B429B5FE98004C5C0D /* PresentTransition.swift */,
				1C7187B629B5FF29004C5C0D /* DismissTransition.swift */,
			);
			path = Transition;
			sourceTree = "<group>";
		};
		1CA84F9B29BBCF69008CEACD /* SettingVC */ = {
			isa = PBXGroup;
			children = (
				1CA84F9C29BBCF86008CEACD /* SettingVC.swift */,
				1CA84F9D29BBCF86008CEACD /* SettingVC.xib */,
			);
			path = SettingVC;
			sourceTree = "<group>";
		};
		1CA84FA929C0CA07008CEACD /* ForgetPasswordVC */ = {
			isa = PBXGroup;
			children = (
				1CA84FAA29C0CA2E008CEACD /* ForgetPasswordVC.swift */,
				1CA84FAB29C0CA2E008CEACD /* ForgetPasswordVC.xib */,
			);
			path = ForgetPasswordVC;
			sourceTree = "<group>";
		};
		1CA84FAE29C1C24C008CEACD /* FavouriteVC */ = {
			isa = PBXGroup;
			children = (
				1CA84FAF29C1C35A008CEACD /* FavouriteVC.swift */,
				1CA84FB029C1C35A008CEACD /* FavouriteVC.xib */,
			);
			path = FavouriteVC;
			sourceTree = "<group>";
		};
		3DD38ADDB6CDAFE25C03D2AC /* Pods */ = {
			isa = PBXGroup;
			children = (
				F1605BF140F6744AF294E25F /* Pods-T-Movies-iOS.debug.xcconfig */,
				DF927AA834519D590E1EDB06 /* Pods-T-Movies-iOS.release.xcconfig */,
				84AF9785691E5A182CF407C4 /* Pods-T-Movies-iOS-T-Movies-iOSUITests.debug.xcconfig */,
				052727F76E9589DDFAD5FB91 /* Pods-T-Movies-iOS-T-Movies-iOSUITests.release.xcconfig */,
				CDEB7DB884B7D557E931413A /* Pods-T-Movies-iOSTests.debug.xcconfig */,
				36063458D32F80C3E520E2F8 /* Pods-T-Movies-iOSTests.release.xcconfig */,
			);
			path = Pods;
			sourceTree = "<group>";
		};
		95BE0EEB1A6478F6D7EF9954 /* Frameworks */ = {
			isa = PBXGroup;
			children = (
				94B9E75E610481D051EAA55F /* Pods_T_Movies_iOS.framework */,
				2458EEDEF92A8CEA67F582AA /* Pods_T_Movies_iOS_T_Movies_iOSUITests.framework */,
				6240F7B298636B9AFC67E7A9 /* Pods_T_Movies_iOSTests.framework */,
			);
			name = Frameworks;
			sourceTree = "<group>";
		};
/* End PBXGroup section */

/* Begin PBXNativeTarget section */
		1C35AF8F29ACFAFC00A57F5F /* T-Movies-iOS */ = {
			isa = PBXNativeTarget;
			buildConfigurationList = 1C35AFBA29ACFAFE00A57F5F /* Build configuration list for PBXNativeTarget "T-Movies-iOS" */;
			buildPhases = (
				9D1CCF6F27DCB4D7FBEB13D7 /* [CP] Check Pods Manifest.lock */,
				1C35AF8C29ACFAFC00A57F5F /* Sources */,
				1C35AF8D29ACFAFC00A57F5F /* Frameworks */,
				1C35AF8E29ACFAFC00A57F5F /* Resources */,
				C9479A6DA53887B565CF3E87 /* [CP] Embed Pods Frameworks */,
			);
			buildRules = (
			);
			dependencies = (
			);
			name = "T-Movies-iOS";
			productName = "T-Movies-iOS";
			productReference = 1C35AF9029ACFAFC00A57F5F /* T-Movies-iOS.app */;
			productType = "com.apple.product-type.application";
		};
		1C35AFA529ACFAFE00A57F5F /* T-Movies-iOSTests */ = {
			isa = PBXNativeTarget;
			buildConfigurationList = 1C35AFBD29ACFAFE00A57F5F /* Build configuration list for PBXNativeTarget "T-Movies-iOSTests" */;
			buildPhases = (
				272B3B945E03F4BFCDD204F6 /* [CP] Check Pods Manifest.lock */,
				1C35AFA229ACFAFE00A57F5F /* Sources */,
				1C35AFA329ACFAFE00A57F5F /* Frameworks */,
				1C35AFA429ACFAFE00A57F5F /* Resources */,
			);
			buildRules = (
			);
			dependencies = (
				1C35AFA829ACFAFE00A57F5F /* PBXTargetDependency */,
			);
			name = "T-Movies-iOSTests";
			productName = "T-Movies-iOSTests";
			productReference = 1C35AFA629ACFAFE00A57F5F /* T-Movies-iOSTests.xctest */;
			productType = "com.apple.product-type.bundle.unit-test";
		};
		1C35AFAF29ACFAFE00A57F5F /* T-Movies-iOSUITests */ = {
			isa = PBXNativeTarget;
			buildConfigurationList = 1C35AFC029ACFAFE00A57F5F /* Build configuration list for PBXNativeTarget "T-Movies-iOSUITests" */;
			buildPhases = (
				0ED21896373D95FA14C66627 /* [CP] Check Pods Manifest.lock */,
				1C35AFAC29ACFAFE00A57F5F /* Sources */,
				1C35AFAD29ACFAFE00A57F5F /* Frameworks */,
				1C35AFAE29ACFAFE00A57F5F /* Resources */,
				DDF4BA4D235848549907E166 /* [CP] Embed Pods Frameworks */,
			);
			buildRules = (
			);
			dependencies = (
				1C35AFB229ACFAFE00A57F5F /* PBXTargetDependency */,
			);
			name = "T-Movies-iOSUITests";
			productName = "T-Movies-iOSUITests";
			productReference = 1C35AFB029ACFAFE00A57F5F /* T-Movies-iOSUITests.xctest */;
			productType = "com.apple.product-type.bundle.ui-testing";
		};
/* End PBXNativeTarget section */

/* Begin PBXProject section */
		1C35AF8829ACFAFC00A57F5F /* Project object */ = {
			isa = PBXProject;
			attributes = {
				BuildIndependentTargetsInParallel = 1;
				LastSwiftUpdateCheck = 1420;
				LastUpgradeCheck = 1420;
				TargetAttributes = {
					1C35AF8F29ACFAFC00A57F5F = {
						CreatedOnToolsVersion = 14.2;
					};
					1C35AFA529ACFAFE00A57F5F = {
						CreatedOnToolsVersion = 14.2;
						TestTargetID = 1C35AF8F29ACFAFC00A57F5F;
					};
					1C35AFAF29ACFAFE00A57F5F = {
						CreatedOnToolsVersion = 14.2;
						TestTargetID = 1C35AF8F29ACFAFC00A57F5F;
					};
				};
			};
			buildConfigurationList = 1C35AF8B29ACFAFC00A57F5F /* Build configuration list for PBXProject "T-Movies-iOS" */;
			compatibilityVersion = "Xcode 14.0";
			developmentRegion = en;
			hasScannedForEncodings = 0;
			knownRegions = (
				en,
				Base,
			);
			mainGroup = 1C35AF8729ACFAFC00A57F5F;
			productRefGroup = 1C35AF9129ACFAFC00A57F5F /* Products */;
			projectDirPath = "";
			projectRoot = "";
			targets = (
				1C35AF8F29ACFAFC00A57F5F /* T-Movies-iOS */,
				1C35AFA529ACFAFE00A57F5F /* T-Movies-iOSTests */,
				1C35AFAF29ACFAFE00A57F5F /* T-Movies-iOSUITests */,
			);
		};
/* End PBXProject section */

/* Begin PBXResourcesBuildPhase section */
		1C35AF8E29ACFAFC00A57F5F /* Resources */ = {
			isa = PBXResourcesBuildPhase;
			buildActionMask = 2147483647;
			files = (
				1CA84FB229C1C35A008CEACD /* FavouriteVC.xib in Resources */,
				1C35AFA029ACFAFD00A57F5F /* LaunchScreen.storyboard in Resources */,
				1C35AFCD29AD0E0000A57F5F /* HomeVC.xib in Resources */,
				1C7187A729B5E8DB004C5C0D /* SideMenuVC.xib in Resources */,
				1C38132929AF5BD80035B242 /* MovieDetailsVC.xib in Resources */,
				1C04751029B8A26700B7CC31 /* loading.json in Resources */,
				1C7187BB29B631CB004C5C0D /* Images.xcassets in Resources */,
				1C38130929AE4A940035B242 /* SearchVC.xib in Resources */,
				1C04750429B77ED300B7CC31 /* CategoryItemCell.xib in Resources */,
				1CA84F9F29BBCF86008CEACD /* SettingVC.xib in Resources */,
				1C35AFD629AD5A7C00A57F5F /* CustomCarouselCell.xib in Resources */,
				1C38133D29B0E6050035B242 /* SingleMovieCell.xib in Resources */,
				1C7187AC29B5EDFB004C5C0D /* SideMenuCell.xib in Resources */,
				1C38130529AE4A7E0035B242 /* ProfileVC.xib in Resources */,
				1CA84FAD29C0CA2E008CEACD /* ForgetPasswordVC.xib in Resources */,
				1C04750D29B88F5700B7CC31 /* SplashVC.xib in Resources */,
				1C38130F29AE52690035B242 /* HeaderView.xib in Resources */,
				1CA84FA329BBD7FB008CEACD /* faceid.json in Resources */,
			);
			runOnlyForDeploymentPostprocessing = 0;
		};
		1C35AFA429ACFAFE00A57F5F /* Resources */ = {
			isa = PBXResourcesBuildPhase;
			buildActionMask = 2147483647;
			files = (
			);
			runOnlyForDeploymentPostprocessing = 0;
		};
		1C35AFAE29ACFAFE00A57F5F /* Resources */ = {
			isa = PBXResourcesBuildPhase;
			buildActionMask = 2147483647;
			files = (
			);
			runOnlyForDeploymentPostprocessing = 0;
		};
/* End PBXResourcesBuildPhase section */

/* Begin PBXShellScriptBuildPhase section */
		0ED21896373D95FA14C66627 /* [CP] Check Pods Manifest.lock */ = {
			isa = PBXShellScriptBuildPhase;
			buildActionMask = 2147483647;
			files = (
			);
			inputFileListPaths = (
			);
			inputPaths = (
				"${PODS_PODFILE_DIR_PATH}/Podfile.lock",
				"${PODS_ROOT}/Manifest.lock",
			);
			name = "[CP] Check Pods Manifest.lock";
			outputFileListPaths = (
			);
			outputPaths = (
				"$(DERIVED_FILE_DIR)/Pods-T-Movies-iOS-T-Movies-iOSUITests-checkManifestLockResult.txt",
			);
			runOnlyForDeploymentPostprocessing = 0;
			shellPath = /bin/sh;
			shellScript = "diff \"${PODS_PODFILE_DIR_PATH}/Podfile.lock\" \"${PODS_ROOT}/Manifest.lock\" > /dev/null\nif [ $? != 0 ] ; then\n    # print error to STDERR\n    echo \"error: The sandbox is not in sync with the Podfile.lock. Run 'pod install' or update your CocoaPods installation.\" >&2\n    exit 1\nfi\n# This output is used by Xcode 'outputs' to avoid re-running this script phase.\necho \"SUCCESS\" > \"${SCRIPT_OUTPUT_FILE_0}\"\n";
			showEnvVarsInLog = 0;
		};
		272B3B945E03F4BFCDD204F6 /* [CP] Check Pods Manifest.lock */ = {
			isa = PBXShellScriptBuildPhase;
			buildActionMask = 2147483647;
			files = (
			);
			inputFileListPaths = (
			);
			inputPaths = (
				"${PODS_PODFILE_DIR_PATH}/Podfile.lock",
				"${PODS_ROOT}/Manifest.lock",
			);
			name = "[CP] Check Pods Manifest.lock";
			outputFileListPaths = (
			);
			outputPaths = (
				"$(DERIVED_FILE_DIR)/Pods-T-Movies-iOSTests-checkManifestLockResult.txt",
			);
			runOnlyForDeploymentPostprocessing = 0;
			shellPath = /bin/sh;
			shellScript = "diff \"${PODS_PODFILE_DIR_PATH}/Podfile.lock\" \"${PODS_ROOT}/Manifest.lock\" > /dev/null\nif [ $? != 0 ] ; then\n    # print error to STDERR\n    echo \"error: The sandbox is not in sync with the Podfile.lock. Run 'pod install' or update your CocoaPods installation.\" >&2\n    exit 1\nfi\n# This output is used by Xcode 'outputs' to avoid re-running this script phase.\necho \"SUCCESS\" > \"${SCRIPT_OUTPUT_FILE_0}\"\n";
			showEnvVarsInLog = 0;
		};
		9D1CCF6F27DCB4D7FBEB13D7 /* [CP] Check Pods Manifest.lock */ = {
			isa = PBXShellScriptBuildPhase;
			buildActionMask = 2147483647;
			files = (
			);
			inputFileListPaths = (
			);
			inputPaths = (
				"${PODS_PODFILE_DIR_PATH}/Podfile.lock",
				"${PODS_ROOT}/Manifest.lock",
			);
			name = "[CP] Check Pods Manifest.lock";
			outputFileListPaths = (
			);
			outputPaths = (
				"$(DERIVED_FILE_DIR)/Pods-T-Movies-iOS-checkManifestLockResult.txt",
			);
			runOnlyForDeploymentPostprocessing = 0;
			shellPath = /bin/sh;
			shellScript = "diff \"${PODS_PODFILE_DIR_PATH}/Podfile.lock\" \"${PODS_ROOT}/Manifest.lock\" > /dev/null\nif [ $? != 0 ] ; then\n    # print error to STDERR\n    echo \"error: The sandbox is not in sync with the Podfile.lock. Run 'pod install' or update your CocoaPods installation.\" >&2\n    exit 1\nfi\n# This output is used by Xcode 'outputs' to avoid re-running this script phase.\necho \"SUCCESS\" > \"${SCRIPT_OUTPUT_FILE_0}\"\n";
			showEnvVarsInLog = 0;
		};
		C9479A6DA53887B565CF3E87 /* [CP] Embed Pods Frameworks */ = {
			isa = PBXShellScriptBuildPhase;
			buildActionMask = 2147483647;
			files = (
			);
			inputFileListPaths = (
				"${PODS_ROOT}/Target Support Files/Pods-T-Movies-iOS/Pods-T-Movies-iOS-frameworks-${CONFIGURATION}-input-files.xcfilelist",
			);
			name = "[CP] Embed Pods Frameworks";
			outputFileListPaths = (
				"${PODS_ROOT}/Target Support Files/Pods-T-Movies-iOS/Pods-T-Movies-iOS-frameworks-${CONFIGURATION}-output-files.xcfilelist",
			);
			runOnlyForDeploymentPostprocessing = 0;
			shellPath = /bin/sh;
			shellScript = "\"${PODS_ROOT}/Target Support Files/Pods-T-Movies-iOS/Pods-T-Movies-iOS-frameworks.sh\"\n";
			showEnvVarsInLog = 0;
		};
		DDF4BA4D235848549907E166 /* [CP] Embed Pods Frameworks */ = {
			isa = PBXShellScriptBuildPhase;
			buildActionMask = 2147483647;
			files = (
			);
			inputFileListPaths = (
				"${PODS_ROOT}/Target Support Files/Pods-T-Movies-iOS-T-Movies-iOSUITests/Pods-T-Movies-iOS-T-Movies-iOSUITests-frameworks-${CONFIGURATION}-input-files.xcfilelist",
			);
			name = "[CP] Embed Pods Frameworks";
			outputFileListPaths = (
				"${PODS_ROOT}/Target Support Files/Pods-T-Movies-iOS-T-Movies-iOSUITests/Pods-T-Movies-iOS-T-Movies-iOSUITests-frameworks-${CONFIGURATION}-output-files.xcfilelist",
			);
			runOnlyForDeploymentPostprocessing = 0;
			shellPath = /bin/sh;
			shellScript = "\"${PODS_ROOT}/Target Support Files/Pods-T-Movies-iOS-T-Movies-iOSUITests/Pods-T-Movies-iOS-T-Movies-iOSUITests-frameworks.sh\"\n";
			showEnvVarsInLog = 0;
		};
/* End PBXShellScriptBuildPhase section */

/* Begin PBXSourcesBuildPhase section */
		1C35AF8C29ACFAFC00A57F5F /* Sources */ = {
			isa = PBXSourcesBuildPhase;
			buildActionMask = 2147483647;
			files = (
				1C7187AE29B5EF2F004C5C0D /* MenuOptionItem.swift in Sources */,
				1C38133129AFA2FF0035B242 /* IntExtensions.swift in Sources */,
				1C38133829B09C1A0035B242 /* HomeVewModel.swift in Sources */,
				1C38131B29AEBD7A0035B242 /* Network.swift in Sources */,
				1C38131129AE54750035B242 /* UIViewExtension.swift in Sources */,
				1C04750C29B88F5700B7CC31 /* SplashVC.swift in Sources */,
				1C38130829AE4A940035B242 /* SearchVC.swift in Sources */,
				1C38131729AE5E190035B242 /* MainTabBarController.swift in Sources */,
				1C7187AB29B5EDFA004C5C0D /* SideMenuCell.swift in Sources */,
				1C7187B729B5FF29004C5C0D /* DismissTransition.swift in Sources */,
				1C7187B929B5FF6C004C5C0D /* UIViewControllerTransitioningDelegate.swift in Sources */,
				1C38132329AEBF300035B242 /* UIViewControllerExtension.swift in Sources */,
				1C38131F29AEBDE90035B242 /* AppConstants.swift in Sources */,
				1C38133C29B0E6050035B242 /* SingleMovieCell.swift in Sources */,
				1C04751429B9F4E900B7CC31 /* SearchViewModel.swift in Sources */,
				1C7187B029B5EFE3004C5C0D /* MenuDelegate.swift in Sources */,
				1C38130D29AE52500035B242 /* HeaderView.swift in Sources */,
				1C38132129AEBE3F0035B242 /* UIApplicationExtension.swift in Sources */,
				1C38132D29AFA0000035B242 /* MovieRepository.swift in Sources */,
				1C35AFD529AD5A7C00A57F5F /* CustomCarouselCell.swift in Sources */,
				1C04750329B77ED300B7CC31 /* CategoryItemCell.swift in Sources */,
				1C38131329AE54E00035B242 /* MKLayer.swift in Sources */,
				1CA84F9E29BBCF86008CEACD /* SettingVC.swift in Sources */,
				1C7187A629B5E8DB004C5C0D /* SideMenuVC.swift in Sources */,
				1C7187B529B5FE98004C5C0D /* PresentTransition.swift in Sources */,
				1C35AF9829ACFAFC00A57F5F /* ViewController.swift in Sources */,
				1C38130429AE4A7E0035B242 /* ProfileVC.swift in Sources */,
				1C3812FF29AE492A0035B242 /* MainCarouselView.swift in Sources */,
				1CA84FB129C1C35A008CEACD /* FavouriteVC.swift in Sources */,
				1CA84FAC29C0CA2E008CEACD /* ForgetPasswordVC.swift in Sources */,
				1C04750829B7841900B7CC31 /* CategoryOptionItem.swift in Sources */,
				1C35AFCC29AD0E0000A57F5F /* HomeVC.swift in Sources */,
				1C38132829AF5BD80035B242 /* MovieDetailsVC.swift in Sources */,
				1C35AF9429ACFAFC00A57F5F /* AppDelegate.swift in Sources */,
				1C38132F29AFA2710035B242 /* MoviesResponse.swift in Sources */,
				1C38131D29AEBDAF0035B242 /* ApiService.swift in Sources */,
				1C35AF9629ACFAFC00A57F5F /* SceneDelegate.swift in Sources */,
			);
			runOnlyForDeploymentPostprocessing = 0;
		};
		1C35AFA229ACFAFE00A57F5F /* Sources */ = {
			isa = PBXSourcesBuildPhase;
			buildActionMask = 2147483647;
			files = (
				1C35AFAB29ACFAFE00A57F5F /* T_Movies_iOSTests.swift in Sources */,
			);
			runOnlyForDeploymentPostprocessing = 0;
		};
		1C35AFAC29ACFAFE00A57F5F /* Sources */ = {
			isa = PBXSourcesBuildPhase;
			buildActionMask = 2147483647;
			files = (
				1C35AFB729ACFAFE00A57F5F /* T_Movies_iOSUITestsLaunchTests.swift in Sources */,
				1C35AFB529ACFAFE00A57F5F /* T_Movies_iOSUITests.swift in Sources */,
			);
			runOnlyForDeploymentPostprocessing = 0;
		};
/* End PBXSourcesBuildPhase section */

/* Begin PBXTargetDependency section */
		1C35AFA829ACFAFE00A57F5F /* PBXTargetDependency */ = {
			isa = PBXTargetDependency;
			target = 1C35AF8F29ACFAFC00A57F5F /* T-Movies-iOS */;
			targetProxy = 1C35AFA729ACFAFE00A57F5F /* PBXContainerItemProxy */;
		};
		1C35AFB229ACFAFE00A57F5F /* PBXTargetDependency */ = {
			isa = PBXTargetDependency;
			target = 1C35AF8F29ACFAFC00A57F5F /* T-Movies-iOS */;
			targetProxy = 1C35AFB129ACFAFE00A57F5F /* PBXContainerItemProxy */;
		};
/* End PBXTargetDependency section */

/* Begin PBXVariantGroup section */
		1C35AF9E29ACFAFD00A57F5F /* LaunchScreen.storyboard */ = {
			isa = PBXVariantGroup;
			children = (
				1C35AF9F29ACFAFD00A57F5F /* Base */,
			);
			name = LaunchScreen.storyboard;
			sourceTree = "<group>";
		};
/* End PBXVariantGroup section */

/* Begin XCBuildConfiguration section */
		1C35AFB829ACFAFE00A57F5F /* Debug */ = {
			isa = XCBuildConfiguration;
			buildSettings = {
				ALWAYS_SEARCH_USER_PATHS = NO;
				CLANG_ANALYZER_NONNULL = YES;
				CLANG_ANALYZER_NUMBER_OBJECT_CONVERSION = YES_AGGRESSIVE;
				CLANG_CXX_LANGUAGE_STANDARD = "gnu++20";
				CLANG_ENABLE_MODULES = YES;
				CLANG_ENABLE_OBJC_ARC = YES;
				CLANG_ENABLE_OBJC_WEAK = YES;
				CLANG_WARN_BLOCK_CAPTURE_AUTORELEASING = YES;
				CLANG_WARN_BOOL_CONVERSION = YES;
				CLANG_WARN_COMMA = YES;
				CLANG_WARN_CONSTANT_CONVERSION = YES;
				CLANG_WARN_DEPRECATED_OBJC_IMPLEMENTATIONS = YES;
				CLANG_WARN_DIRECT_OBJC_ISA_USAGE = YES_ERROR;
				CLANG_WARN_DOCUMENTATION_COMMENTS = YES;
				CLANG_WARN_EMPTY_BODY = YES;
				CLANG_WARN_ENUM_CONVERSION = YES;
				CLANG_WARN_INFINITE_RECURSION = YES;
				CLANG_WARN_INT_CONVERSION = YES;
				CLANG_WARN_NON_LITERAL_NULL_CONVERSION = YES;
				CLANG_WARN_OBJC_IMPLICIT_RETAIN_SELF = YES;
				CLANG_WARN_OBJC_LITERAL_CONVERSION = YES;
				CLANG_WARN_OBJC_ROOT_CLASS = YES_ERROR;
				CLANG_WARN_QUOTED_INCLUDE_IN_FRAMEWORK_HEADER = YES;
				CLANG_WARN_RANGE_LOOP_ANALYSIS = YES;
				CLANG_WARN_STRICT_PROTOTYPES = YES;
				CLANG_WARN_SUSPICIOUS_MOVE = YES;
				CLANG_WARN_UNGUARDED_AVAILABILITY = YES_AGGRESSIVE;
				CLANG_WARN_UNREACHABLE_CODE = YES;
				CLANG_WARN__DUPLICATE_METHOD_MATCH = YES;
				COPY_PHASE_STRIP = NO;
				DEBUG_INFORMATION_FORMAT = dwarf;
				ENABLE_STRICT_OBJC_MSGSEND = YES;
				ENABLE_TESTABILITY = YES;
				GCC_C_LANGUAGE_STANDARD = gnu11;
				GCC_DYNAMIC_NO_PIC = NO;
				GCC_NO_COMMON_BLOCKS = YES;
				GCC_OPTIMIZATION_LEVEL = 0;
				GCC_PREPROCESSOR_DEFINITIONS = (
					"DEBUG=1",
					"$(inherited)",
				);
				GCC_WARN_64_TO_32_BIT_CONVERSION = YES;
				GCC_WARN_ABOUT_RETURN_TYPE = YES_ERROR;
				GCC_WARN_UNDECLARED_SELECTOR = YES;
				GCC_WARN_UNINITIALIZED_AUTOS = YES_AGGRESSIVE;
				GCC_WARN_UNUSED_FUNCTION = YES;
				GCC_WARN_UNUSED_VARIABLE = YES;
				INFOPLIST_KEY_CFBundleDisplayName = "T-Movies";
				INFOPLIST_KEY_NSFaceIDUsageDescription = "use noth";
				IPHONEOS_DEPLOYMENT_TARGET = 16.2;
				MTL_ENABLE_DEBUG_INFO = INCLUDE_SOURCE;
				MTL_FAST_MATH = YES;
				ONLY_ACTIVE_ARCH = YES;
				SDKROOT = iphoneos;
				SWIFT_ACTIVE_COMPILATION_CONDITIONS = DEBUG;
				SWIFT_OPTIMIZATION_LEVEL = "-Onone";
			};
			name = Debug;
		};
		1C35AFB929ACFAFE00A57F5F /* Release */ = {
			isa = XCBuildConfiguration;
			buildSettings = {
				ALWAYS_SEARCH_USER_PATHS = NO;
				CLANG_ANALYZER_NONNULL = YES;
				CLANG_ANALYZER_NUMBER_OBJECT_CONVERSION = YES_AGGRESSIVE;
				CLANG_CXX_LANGUAGE_STANDARD = "gnu++20";
				CLANG_ENABLE_MODULES = YES;
				CLANG_ENABLE_OBJC_ARC = YES;
				CLANG_ENABLE_OBJC_WEAK = YES;
				CLANG_WARN_BLOCK_CAPTURE_AUTORELEASING = YES;
				CLANG_WARN_BOOL_CONVERSION = YES;
				CLANG_WARN_COMMA = YES;
				CLANG_WARN_CONSTANT_CONVERSION = YES;
				CLANG_WARN_DEPRECATED_OBJC_IMPLEMENTATIONS = YES;
				CLANG_WARN_DIRECT_OBJC_ISA_USAGE = YES_ERROR;
				CLANG_WARN_DOCUMENTATION_COMMENTS = YES;
				CLANG_WARN_EMPTY_BODY = YES;
				CLANG_WARN_ENUM_CONVERSION = YES;
				CLANG_WARN_INFINITE_RECURSION = YES;
				CLANG_WARN_INT_CONVERSION = YES;
				CLANG_WARN_NON_LITERAL_NULL_CONVERSION = YES;
				CLANG_WARN_OBJC_IMPLICIT_RETAIN_SELF = YES;
				CLANG_WARN_OBJC_LITERAL_CONVERSION = YES;
				CLANG_WARN_OBJC_ROOT_CLASS = YES_ERROR;
				CLANG_WARN_QUOTED_INCLUDE_IN_FRAMEWORK_HEADER = YES;
				CLANG_WARN_RANGE_LOOP_ANALYSIS = YES;
				CLANG_WARN_STRICT_PROTOTYPES = YES;
				CLANG_WARN_SUSPICIOUS_MOVE = YES;
				CLANG_WARN_UNGUARDED_AVAILABILITY = YES_AGGRESSIVE;
				CLANG_WARN_UNREACHABLE_CODE = YES;
				CLANG_WARN__DUPLICATE_METHOD_MATCH = YES;
				COPY_PHASE_STRIP = NO;
				DEBUG_INFORMATION_FORMAT = "dwarf-with-dsym";
				ENABLE_NS_ASSERTIONS = NO;
				ENABLE_STRICT_OBJC_MSGSEND = YES;
				GCC_C_LANGUAGE_STANDARD = gnu11;
				GCC_NO_COMMON_BLOCKS = YES;
				GCC_WARN_64_TO_32_BIT_CONVERSION = YES;
				GCC_WARN_ABOUT_RETURN_TYPE = YES_ERROR;
				GCC_WARN_UNDECLARED_SELECTOR = YES;
				GCC_WARN_UNINITIALIZED_AUTOS = YES_AGGRESSIVE;
				GCC_WARN_UNUSED_FUNCTION = YES;
				GCC_WARN_UNUSED_VARIABLE = YES;
				INFOPLIST_KEY_CFBundleDisplayName = "T-Movies";
				INFOPLIST_KEY_NSFaceIDUsageDescription = "use noth";
				IPHONEOS_DEPLOYMENT_TARGET = 16.2;
				MTL_ENABLE_DEBUG_INFO = NO;
				MTL_FAST_MATH = YES;
				SDKROOT = iphoneos;
				SWIFT_COMPILATION_MODE = wholemodule;
				SWIFT_OPTIMIZATION_LEVEL = "-O";
				VALIDATE_PRODUCT = YES;
			};
			name = Release;
		};
		1C35AFBB29ACFAFE00A57F5F /* Debug */ = {
			isa = XCBuildConfiguration;
			baseConfigurationReference = F1605BF140F6744AF294E25F /* Pods-T-Movies-iOS.debug.xcconfig */;
			buildSettings = {
				ASSETCATALOG_COMPILER_APPICON_NAME = AppIcon;
				ASSETCATALOG_COMPILER_GLOBAL_ACCENT_COLOR_NAME = AccentColor;
				CODE_SIGN_STYLE = Automatic;
				CURRENT_PROJECT_VERSION = 1;
				DEVELOPMENT_TEAM = B379B8Y2BC;
				GENERATE_INFOPLIST_FILE = YES;
				INFOPLIST_FILE = "T-Movies-iOS/Info.plist";
				INFOPLIST_KEY_UIApplicationSupportsIndirectInputEvents = YES;
				INFOPLIST_KEY_UILaunchStoryboardName = LaunchScreen;
				INFOPLIST_KEY_UISupportedInterfaceOrientations_iPad = "UIInterfaceOrientationPortrait UIInterfaceOrientationPortraitUpsideDown UIInterfaceOrientationLandscapeLeft UIInterfaceOrientationLandscapeRight";
				INFOPLIST_KEY_UISupportedInterfaceOrientations_iPhone = "UIInterfaceOrientationPortrait UIInterfaceOrientationLandscapeLeft UIInterfaceOrientationLandscapeRight";
				LD_RUNPATH_SEARCH_PATHS = (
					"$(inherited)",
					"@executable_path/Frameworks",
				);
				MARKETING_VERSION = 1.0;
				PRODUCT_BUNDLE_IDENTIFIER = "com.taha.advanced-note.T-Movies-iOS";
				PRODUCT_NAME = "$(TARGET_NAME)";
				SWIFT_EMIT_LOC_STRINGS = YES;
				SWIFT_VERSION = 5.0;
				TARGETED_DEVICE_FAMILY = "1,2";
			};
			name = Debug;
		};
		1C35AFBC29ACFAFE00A57F5F /* Release */ = {
			isa = XCBuildConfiguration;
			baseConfigurationReference = DF927AA834519D590E1EDB06 /* Pods-T-Movies-iOS.release.xcconfig */;
			buildSettings = {
				ASSETCATALOG_COMPILER_APPICON_NAME = AppIcon;
				ASSETCATALOG_COMPILER_GLOBAL_ACCENT_COLOR_NAME = AccentColor;
				CODE_SIGN_STYLE = Automatic;
				CURRENT_PROJECT_VERSION = 1;
				DEVELOPMENT_TEAM = B379B8Y2BC;
				GENERATE_INFOPLIST_FILE = YES;
				INFOPLIST_FILE = "T-Movies-iOS/Info.plist";
				INFOPLIST_KEY_UIApplicationSupportsIndirectInputEvents = YES;
				INFOPLIST_KEY_UILaunchStoryboardName = LaunchScreen;
				INFOPLIST_KEY_UISupportedInterfaceOrientations_iPad = "UIInterfaceOrientationPortrait UIInterfaceOrientationPortraitUpsideDown UIInterfaceOrientationLandscapeLeft UIInterfaceOrientationLandscapeRight";
				INFOPLIST_KEY_UISupportedInterfaceOrientations_iPhone = "UIInterfaceOrientationPortrait UIInterfaceOrientationLandscapeLeft UIInterfaceOrientationLandscapeRight";
				LD_RUNPATH_SEARCH_PATHS = (
					"$(inherited)",
					"@executable_path/Frameworks",
				);
				MARKETING_VERSION = 1.0;
				PRODUCT_BUNDLE_IDENTIFIER = "com.taha.advanced-note.T-Movies-iOS";
				PRODUCT_NAME = "$(TARGET_NAME)";
				SWIFT_EMIT_LOC_STRINGS = YES;
				SWIFT_VERSION = 5.0;
				TARGETED_DEVICE_FAMILY = "1,2";
			};
			name = Release;
		};
		1C35AFBE29ACFAFE00A57F5F /* Debug */ = {
			isa = XCBuildConfiguration;
			baseConfigurationReference = CDEB7DB884B7D557E931413A /* Pods-T-Movies-iOSTests.debug.xcconfig */;
			buildSettings = {
				ALWAYS_EMBED_SWIFT_STANDARD_LIBRARIES = YES;
				BUNDLE_LOADER = "$(TEST_HOST)";
				CODE_SIGN_STYLE = Automatic;
				CURRENT_PROJECT_VERSION = 1;
				DEVELOPMENT_TEAM = B379B8Y2BC;
				GENERATE_INFOPLIST_FILE = YES;
				IPHONEOS_DEPLOYMENT_TARGET = 16.2;
				MARKETING_VERSION = 1.0;
				PRODUCT_BUNDLE_IDENTIFIER = "com.taha.advanced-note.T-Movies-iOSTests";
				PRODUCT_NAME = "$(TARGET_NAME)";
				SWIFT_EMIT_LOC_STRINGS = NO;
				SWIFT_VERSION = 5.0;
				TARGETED_DEVICE_FAMILY = "1,2";
				TEST_HOST = "$(BUILT_PRODUCTS_DIR)/T-Movies-iOS.app/$(BUNDLE_EXECUTABLE_FOLDER_PATH)/T-Movies-iOS";
			};
			name = Debug;
		};
		1C35AFBF29ACFAFE00A57F5F /* Release */ = {
			isa = XCBuildConfiguration;
			baseConfigurationReference = 36063458D32F80C3E520E2F8 /* Pods-T-Movies-iOSTests.release.xcconfig */;
			buildSettings = {
				ALWAYS_EMBED_SWIFT_STANDARD_LIBRARIES = YES;
				BUNDLE_LOADER = "$(TEST_HOST)";
				CODE_SIGN_STYLE = Automatic;
				CURRENT_PROJECT_VERSION = 1;
				DEVELOPMENT_TEAM = B379B8Y2BC;
				GENERATE_INFOPLIST_FILE = YES;
				IPHONEOS_DEPLOYMENT_TARGET = 16.2;
				MARKETING_VERSION = 1.0;
				PRODUCT_BUNDLE_IDENTIFIER = "com.taha.advanced-note.T-Movies-iOSTests";
				PRODUCT_NAME = "$(TARGET_NAME)";
				SWIFT_EMIT_LOC_STRINGS = NO;
				SWIFT_VERSION = 5.0;
				TARGETED_DEVICE_FAMILY = "1,2";
				TEST_HOST = "$(BUILT_PRODUCTS_DIR)/T-Movies-iOS.app/$(BUNDLE_EXECUTABLE_FOLDER_PATH)/T-Movies-iOS";
			};
			name = Release;
		};
		1C35AFC129ACFAFE00A57F5F /* Debug */ = {
			isa = XCBuildConfiguration;
			baseConfigurationReference = 84AF9785691E5A182CF407C4 /* Pods-T-Movies-iOS-T-Movies-iOSUITests.debug.xcconfig */;
			buildSettings = {
				ALWAYS_EMBED_SWIFT_STANDARD_LIBRARIES = YES;
				CODE_SIGN_STYLE = Automatic;
				CURRENT_PROJECT_VERSION = 1;
				DEVELOPMENT_TEAM = B379B8Y2BC;
				GENERATE_INFOPLIST_FILE = YES;
				MARKETING_VERSION = 1.0;
				PRODUCT_BUNDLE_IDENTIFIER = "com.taha.advanced-note.T-Movies-iOSUITests";
				PRODUCT_NAME = "$(TARGET_NAME)";
				SWIFT_EMIT_LOC_STRINGS = NO;
				SWIFT_VERSION = 5.0;
				TARGETED_DEVICE_FAMILY = "1,2";
				TEST_TARGET_NAME = "T-Movies-iOS";
			};
			name = Debug;
		};
		1C35AFC229ACFAFE00A57F5F /* Release */ = {
			isa = XCBuildConfiguration;
			baseConfigurationReference = 052727F76E9589DDFAD5FB91 /* Pods-T-Movies-iOS-T-Movies-iOSUITests.release.xcconfig */;
			buildSettings = {
				ALWAYS_EMBED_SWIFT_STANDARD_LIBRARIES = YES;
				CODE_SIGN_STYLE = Automatic;
				CURRENT_PROJECT_VERSION = 1;
				DEVELOPMENT_TEAM = B379B8Y2BC;
				GENERATE_INFOPLIST_FILE = YES;
				MARKETING_VERSION = 1.0;
				PRODUCT_BUNDLE_IDENTIFIER = "com.taha.advanced-note.T-Movies-iOSUITests";
				PRODUCT_NAME = "$(TARGET_NAME)";
				SWIFT_EMIT_LOC_STRINGS = NO;
				SWIFT_VERSION = 5.0;
				TARGETED_DEVICE_FAMILY = "1,2";
				TEST_TARGET_NAME = "T-Movies-iOS";
			};
			name = Release;
		};
/* End XCBuildConfiguration section */

/* Begin XCConfigurationList section */
		1C35AF8B29ACFAFC00A57F5F /* Build configuration list for PBXProject "T-Movies-iOS" */ = {
			isa = XCConfigurationList;
			buildConfigurations = (
				1C35AFB829ACFAFE00A57F5F /* Debug */,
				1C35AFB929ACFAFE00A57F5F /* Release */,
			);
			defaultConfigurationIsVisible = 0;
			defaultConfigurationName = Release;
		};
		1C35AFBA29ACFAFE00A57F5F /* Build configuration list for PBXNativeTarget "T-Movies-iOS" */ = {
			isa = XCConfigurationList;
			buildConfigurations = (
				1C35AFBB29ACFAFE00A57F5F /* Debug */,
				1C35AFBC29ACFAFE00A57F5F /* Release */,
			);
			defaultConfigurationIsVisible = 0;
			defaultConfigurationName = Release;
		};
		1C35AFBD29ACFAFE00A57F5F /* Build configuration list for PBXNativeTarget "T-Movies-iOSTests" */ = {
			isa = XCConfigurationList;
			buildConfigurations = (
				1C35AFBE29ACFAFE00A57F5F /* Debug */,
				1C35AFBF29ACFAFE00A57F5F /* Release */,
			);
			defaultConfigurationIsVisible = 0;
			defaultConfigurationName = Release;
		};
		1C35AFC029ACFAFE00A57F5F /* Build configuration list for PBXNativeTarget "T-Movies-iOSUITests" */ = {
			isa = XCConfigurationList;
			buildConfigurations = (
				1C35AFC129ACFAFE00A57F5F /* Debug */,
				1C35AFC229ACFAFE00A57F5F /* Release */,
			);
			defaultConfigurationIsVisible = 0;
			defaultConfigurationName = Release;
		};
/* End XCConfigurationList section */
	};
	rootObject = 1C35AF8829ACFAFC00A57F5F /* Project object */;
}
